
Microsoft Visual Studio Solution File, Format Version 12.00
# Visual Studio Version 17
VisualStudioVersion = 17.12.35707.178
MinimumVisualStudioVersion = 10.0.40219.1
Project("{FAE04EC0-301F-11D3-BF4B-00C04F79EFBC}") = "ToNRoundCounter", "ToNRoundCounter.csproj", "{2EE5DF69-2E18-419D-8EFD-6AC05156C6DB}"
EndProject
Project("{FAE04EC0-301F-11D3-BF4B-00C04F79EFBC}") = "Updater", "Updater\Updater.csproj", "{0415BFC3-4703-4E15-955C-37F872DD5E41}"
EndProject
Project("{FAE04EC0-301F-11D3-BF4B-00C04F79EFBC}") = "ToNRoundCounter.Tests", "ToNRoundCounter.Tests\ToNRoundCounter.Tests.csproj", "{A0A9AD68-4D08-4D1A-ADEE-708CF89FBB60}"
EndProject
Project("{FAE04EC0-301F-11D3-BF4B-00C04F79EFBC}") = "AfkJumpModule", "Modules\AfkJumpModule\AfkJumpModule.csproj", "{884DDD21-B2B5-465D-AE30-24A2CB1D6934}"
EndProject
Project("{FAE04EC0-301F-11D3-BF4B-00C04F79EFBC}") = "AfkSoundCancelModule", "Modules\AfkSoundCancelModule\AfkSoundCancelModule.csproj", "{3855206C-05B3-4B1C-8122-D3A8FA790AC2}"
EndProject
Project("{FAE04EC0-301F-11D3-BF4B-00C04F79EFBC}") = "OscRepeaterDisablerModule", "Modules\OscRepeaterDisablerModule\OscRepeaterDisablerModule.csproj", "{FB5D658A-F2A8-43CC-BBF0-261DD49B34D6}"
EndProject
Project("{FAE04EC0-301F-11D3-BF4B-00C04F79EFBC}") = "NetworkAnalyzerModule", "Modules\NetworkAnalyzerModule\NetworkAnalyzerModule.csproj", "{58F393FE-7770-41AE-B677-8A06691213FF}"
EndProject
Global
	GlobalSection(SolutionConfigurationPlatforms) = preSolution
		Debug|Any CPU = Debug|Any CPU
		Debug|x64 = Debug|x64
		Release|Any CPU = Release|Any CPU
		Release|x64 = Release|x64
	EndGlobalSection
	GlobalSection(ProjectConfigurationPlatforms) = postSolution
		{2EE5DF69-2E18-419D-8EFD-6AC05156C6DB}.Debug|Any CPU.ActiveCfg = Debug|Any CPU
		{2EE5DF69-2E18-419D-8EFD-6AC05156C6DB}.Debug|Any CPU.Build.0 = Debug|Any CPU
		{2EE5DF69-2E18-419D-8EFD-6AC05156C6DB}.Debug|x64.ActiveCfg = Debug|x64
		{2EE5DF69-2E18-419D-8EFD-6AC05156C6DB}.Debug|x64.Build.0 = Debug|x64
		{2EE5DF69-2E18-419D-8EFD-6AC05156C6DB}.Release|Any CPU.ActiveCfg = Release|Any CPU
		{2EE5DF69-2E18-419D-8EFD-6AC05156C6DB}.Release|Any CPU.Build.0 = Release|Any CPU
		{2EE5DF69-2E18-419D-8EFD-6AC05156C6DB}.Release|x64.ActiveCfg = Release|x64
		{2EE5DF69-2E18-419D-8EFD-6AC05156C6DB}.Release|x64.Build.0 = Release|x64
		{0415BFC3-4703-4E15-955C-37F872DD5E41}.Debug|Any CPU.ActiveCfg = Debug|Any CPU
		{0415BFC3-4703-4E15-955C-37F872DD5E41}.Debug|Any CPU.Build.0 = Debug|Any CPU
		{0415BFC3-4703-4E15-955C-37F872DD5E41}.Debug|x64.ActiveCfg = Debug|Any CPU
		{0415BFC3-4703-4E15-955C-37F872DD5E41}.Debug|x64.Build.0 = Debug|Any CPU
		{0415BFC3-4703-4E15-955C-37F872DD5E41}.Release|Any CPU.ActiveCfg = Release|Any CPU
		{0415BFC3-4703-4E15-955C-37F872DD5E41}.Release|Any CPU.Build.0 = Release|Any CPU
		{0415BFC3-4703-4E15-955C-37F872DD5E41}.Release|x64.ActiveCfg = Release|Any CPU
		{0415BFC3-4703-4E15-955C-37F872DD5E41}.Release|x64.Build.0 = Release|Any CPU
		{A0A9AD68-4D08-4D1A-ADEE-708CF89FBB60}.Debug|Any CPU.ActiveCfg = Debug|Any CPU
		{A0A9AD68-4D08-4D1A-ADEE-708CF89FBB60}.Debug|Any CPU.Build.0 = Debug|Any CPU
		{A0A9AD68-4D08-4D1A-ADEE-708CF89FBB60}.Debug|x64.ActiveCfg = Debug|Any CPU
		{A0A9AD68-4D08-4D1A-ADEE-708CF89FBB60}.Debug|x64.Build.0 = Debug|Any CPU
		{A0A9AD68-4D08-4D1A-ADEE-708CF89FBB60}.Release|Any CPU.ActiveCfg = Release|Any CPU
		{A0A9AD68-4D08-4D1A-ADEE-708CF89FBB60}.Release|Any CPU.Build.0 = Release|Any CPU
		{A0A9AD68-4D08-4D1A-ADEE-708CF89FBB60}.Release|x64.ActiveCfg = Release|Any CPU
		{A0A9AD68-4D08-4D1A-ADEE-708CF89FBB60}.Release|x64.Build.0 = Release|Any CPU
		{884DDD21-B2B5-465D-AE30-24A2CB1D6934}.Debug|Any CPU.ActiveCfg = Debug|Any CPU
		{884DDD21-B2B5-465D-AE30-24A2CB1D6934}.Debug|Any CPU.Build.0 = Debug|Any CPU
		{884DDD21-B2B5-465D-AE30-24A2CB1D6934}.Debug|x64.ActiveCfg = Debug|Any CPU
		{884DDD21-B2B5-465D-AE30-24A2CB1D6934}.Debug|x64.Build.0 = Debug|Any CPU
		{884DDD21-B2B5-465D-AE30-24A2CB1D6934}.Release|Any CPU.ActiveCfg = Release|Any CPU
		{884DDD21-B2B5-465D-AE30-24A2CB1D6934}.Release|x64.ActiveCfg = Release|Any CPU
		{884DDD21-B2B5-465D-AE30-24A2CB1D6934}.Release|x64.Build.0 = Release|Any CPU
		{3855206C-05B3-4B1C-8122-D3A8FA790AC2}.Debug|Any CPU.ActiveCfg = Debug|Any CPU
		{3855206C-05B3-4B1C-8122-D3A8FA790AC2}.Debug|Any CPU.Build.0 = Debug|Any CPU
		{3855206C-05B3-4B1C-8122-D3A8FA790AC2}.Debug|x64.ActiveCfg = Debug|Any CPU
		{3855206C-05B3-4B1C-8122-D3A8FA790AC2}.Debug|x64.Build.0 = Debug|Any CPU
		{3855206C-05B3-4B1C-8122-D3A8FA790AC2}.Release|Any CPU.ActiveCfg = Release|Any CPU
		{3855206C-05B3-4B1C-8122-D3A8FA790AC2}.Release|Any CPU.Build.0 = Release|Any CPU
		{3855206C-05B3-4B1C-8122-D3A8FA790AC2}.Release|x64.ActiveCfg = Release|Any CPU
		{3855206C-05B3-4B1C-8122-D3A8FA790AC2}.Release|x64.Build.0 = Release|Any CPU
		{FB5D658A-F2A8-43CC-BBF0-261DD49B34D6}.Debug|Any CPU.ActiveCfg = Debug|Any CPU
		{FB5D658A-F2A8-43CC-BBF0-261DD49B34D6}.Debug|x64.ActiveCfg = Debug|Any CPU
		{FB5D658A-F2A8-43CC-BBF0-261DD49B34D6}.Debug|x64.Build.0 = Debug|Any CPU
		{FB5D658A-F2A8-43CC-BBF0-261DD49B34D6}.Release|Any CPU.ActiveCfg = Release|Any CPU
		{FB5D658A-F2A8-43CC-BBF0-261DD49B34D6}.Release|Any CPU.Build.0 = Release|Any CPU
		{FB5D658A-F2A8-43CC-BBF0-261DD49B34D6}.Release|x64.ActiveCfg = Release|Any CPU
		{FB5D658A-F2A8-43CC-BBF0-261DD49B34D6}.Release|x64.Build.0 = Release|Any CPU
		{58F393FE-7770-41AE-B677-8A06691213FF}.Debug|Any CPU.ActiveCfg = Debug|Any CPU
		{58F393FE-7770-41AE-B677-8A06691213FF}.Debug|Any CPU.Build.0 = Debug|Any CPU
		{58F393FE-7770-41AE-B677-8A06691213FF}.Debug|x64.ActiveCfg = Debug|Any CPU
		{58F393FE-7770-41AE-B677-8A06691213FF}.Debug|x64.Build.0 = Debug|Any CPU
		{58F393FE-7770-41AE-B677-8A06691213FF}.Release|Any CPU.ActiveCfg = Release|Any CPU
		{58F393FE-7770-41AE-B677-8A06691213FF}.Release|Any CPU.Build.0 = Release|Any CPU
		{58F393FE-7770-41AE-B677-8A06691213FF}.Release|x64.ActiveCfg = Release|Any CPU
		{58F393FE-7770-41AE-B677-8A06691213FF}.Release|x64.Build.0 = Release|Any CPU
	EndGlobalSection
	GlobalSection(SolutionProperties) = preSolution
		HideSolutionNode = FALSE
	EndGlobalSection
	GlobalSection(ExtensibilityGlobals) = postSolution
		SolutionGuid = {CA8C84AE-FC03-4D3F-9A8C-8F8B52C8E97B}
	EndGlobalSection
EndGlobal
